
Microsoft Visual Studio Solution File, Format Version 12.00
# Visual Studio Version 17
VisualStudioVersion = 17.3.32804.467
MinimumVisualStudioVersion = 10.0.40219.1
Project("{FAE04EC0-301F-11D3-BF4B-00C04F79EFBC}") = "Schedule app", "Schedule app\Schedule app.csproj", "{D3F36196-308C-40D4-B415-0B78B693F39C}"
EndProject
Global
	GlobalSection(SolutionConfigurationPlatforms) = preSolution
		Debug|Any CPU = Debug|Any CPU
		Release|Any CPU = Release|Any CPU
	EndGlobalSection
	GlobalSection(ProjectConfigurationPlatforms) = postSolution
		{D3F36196-308C-40D4-B415-0B78B693F39C}.Debug|Any CPU.ActiveCfg = Debug|Any CPU
		{D3F36196-308C-40D4-B415-0B78B693F39C}.Debug|Any CPU.Build.0 = Debug|Any CPU
		{D3F36196-308C-40D4-B415-0B78B693F39C}.Release|Any CPU.ActiveCfg = Release|Any CPU
		{D3F36196-308C-40D4-B415-0B78B693F39C}.Release|Any CPU.Build.0 = Release|Any CPU
	EndGlobalSection
	GlobalSection(SolutionProperties) = preSolution
		HideSolutionNode = FALSE
	EndGlobalSection
	GlobalSection(ExtensibilityGlobals) = postSolution
		SolutionGuid = {01D61110-289F-470C-A825-195B3866DA99}
	EndGlobalSection
EndGlobal
